
Microsoft Visual Studio Solution File, Format Version 12.00
# Visual Studio Version 16
VisualStudioVersion = 16.0.30804.86
MinimumVisualStudioVersion = 10.0.40219.1
Project("{8BC9CEB8-8B4A-11D0-8D11-00A0C91BC942}") = "纹理映射与采样器状态", "纹理映射与采样器状态.vcxproj", "{FFCE702F-2C95-438A-9EAD-E2F8B55713E2}"
EndProject
Global
	GlobalSection(SolutionConfigurationPlatforms) = preSolution
		Debug|x64 = Debug|x64
		Debug|x86 = Debug|x86
		Release|x64 = Release|x64
		Release|x86 = Release|x86
	EndGlobalSection
	GlobalSection(ProjectConfigurationPlatforms) = postSolution
		{FFCE702F-2C95-438A-9EAD-E2F8B55713E2}.Debug|x64.ActiveCfg = Debug|x64
		{FFCE702F-2C95-438A-9EAD-E2F8B55713E2}.Debug|x64.Build.0 = Debug|x64
		{FFCE702F-2C95-438A-9EAD-E2F8B55713E2}.Debug|x86.ActiveCfg = Debug|Win32
		{FFCE702F-2C95-438A-9EAD-E2F8B55713E2}.Debug|x86.Build.0 = Debug|Win32
		{FFCE702F-2C95-438A-9EAD-E2F8B55713E2}.Release|x64.ActiveCfg = Release|x64
		{FFCE702F-2C95-438A-9EAD-E2F8B55713E2}.Release|x64.Build.0 = Release|x64
		{FFCE702F-2C95-438A-9EAD-E2F8B55713E2}.Release|x86.ActiveCfg = Release|Win32
		{FFCE702F-2C95-438A-9EAD-E2F8B55713E2}.Release|x86.Build.0 = Release|Win32
	EndGlobalSection
	GlobalSection(SolutionProperties) = preSolution
		HideSolutionNode = FALSE
	EndGlobalSection
	GlobalSection(ExtensibilityGlobals) = postSolution
		SolutionGuid = {8FFCA454-BF56-48B4-A3A1-861AE78D5C0D}
	EndGlobalSection
EndGlobal
